
Microsoft Visual Studio Solution File, Format Version 12.00
# Visual Studio Version 17
VisualStudioVersion = 17.13.35913.81
MinimumVisualStudioVersion = 10.0.40219.1
Project("{FAE04EC0-301F-11D3-BF4B-00C04F79EFBC}") = "TodoApplication.Core", "TodoApplication.Core\TodoApplication.Core.csproj", "{31D7EF4E-A0BC-4911-AB32-53105C64F573}"
EndProject
Project("{FAE04EC0-301F-11D3-BF4B-00C04F79EFBC}") = "TodoApplication.Application", "TodoApplication.Application\TodoApplication.Application.csproj", "{8723120C-E359-4BCD-B285-36C09D8DE796}"
EndProject
Project("{FAE04EC0-301F-11D3-BF4B-00C04F79EFBC}") = "TodoApplication.Infrastructure", "TodoApplication.Infrastructure\TodoApplication.Infrastructure.csproj", "{C1EC45A6-EBF6-4A4F-957E-871208F8E29E}"
EndProject
Project("{FAE04EC0-301F-11D3-BF4B-00C04F79EFBC}") = "TodoApplication.API", "TodoApplication.API\TodoApplication.API.csproj", "{E71F4CDE-67E2-424A-80B5-0FE0272BB69F}"
EndProject
Global
	GlobalSection(SolutionConfigurationPlatforms) = preSolution
		Debug|Any CPU = Debug|Any CPU
		Release|Any CPU = Release|Any CPU
	EndGlobalSection
	GlobalSection(ProjectConfigurationPlatforms) = postSolution
		{31D7EF4E-A0BC-4911-AB32-53105C64F573}.Debug|Any CPU.ActiveCfg = Debug|Any CPU
		{31D7EF4E-A0BC-4911-AB32-53105C64F573}.Debug|Any CPU.Build.0 = Debug|Any CPU
		{31D7EF4E-A0BC-4911-AB32-53105C64F573}.Release|Any CPU.ActiveCfg = Release|Any CPU
		{31D7EF4E-A0BC-4911-AB32-53105C64F573}.Release|Any CPU.Build.0 = Release|Any CPU
		{8723120C-E359-4BCD-B285-36C09D8DE796}.Debug|Any CPU.ActiveCfg = Debug|Any CPU
		{8723120C-E359-4BCD-B285-36C09D8DE796}.Debug|Any CPU.Build.0 = Debug|Any CPU
		{8723120C-E359-4BCD-B285-36C09D8DE796}.Release|Any CPU.ActiveCfg = Release|Any CPU
		{8723120C-E359-4BCD-B285-36C09D8DE796}.Release|Any CPU.Build.0 = Release|Any CPU
		{C1EC45A6-EBF6-4A4F-957E-871208F8E29E}.Debug|Any CPU.ActiveCfg = Debug|Any CPU
		{C1EC45A6-EBF6-4A4F-957E-871208F8E29E}.Debug|Any CPU.Build.0 = Debug|Any CPU
		{C1EC45A6-EBF6-4A4F-957E-871208F8E29E}.Release|Any CPU.ActiveCfg = Release|Any CPU
		{C1EC45A6-EBF6-4A4F-957E-871208F8E29E}.Release|Any CPU.Build.0 = Release|Any CPU
		{E71F4CDE-67E2-424A-80B5-0FE0272BB69F}.Debug|Any CPU.ActiveCfg = Debug|Any CPU
		{E71F4CDE-67E2-424A-80B5-0FE0272BB69F}.Debug|Any CPU.Build.0 = Debug|Any CPU
		{E71F4CDE-67E2-424A-80B5-0FE0272BB69F}.Release|Any CPU.ActiveCfg = Release|Any CPU
		{E71F4CDE-67E2-424A-80B5-0FE0272BB69F}.Release|Any CPU.Build.0 = Release|Any CPU
	EndGlobalSection
	GlobalSection(SolutionProperties) = preSolution
		HideSolutionNode = FALSE
	EndGlobalSection
	GlobalSection(ExtensibilityGlobals) = postSolution
		SolutionGuid = {2E5A91D7-A518-4524-B750-8195EB88924E}
	EndGlobalSection
EndGlobal
